PODS:
  - ActionSheetPicker-3.0 (1.7.1)
  - AFNetworking (2.6.0):
    - AFNetworking/NSURLConnection (= 2.6.0)
    - AFNetworking/NSURLSession (= 2.6.0)
    - AFNetworking/Reachability (= 2.6.0)
    - AFNetworking/Security (= 2.6.0)
    - AFNetworking/Serialization (= 2.6.0)
    - AFNetworking/UIKit (= 2.6.0)
  - AFNetworking/NSURLConnection (2.6.0):
    - AFNetworking/Reachability
    - AFNetworking/Security
    - AFNetworking/Serialization
  - AFNetworking/NSURLSession (2.6.0):
    - AFNetworking/Reachability
    - AFNetworking/Security
    - AFNetworking/Serialization
  - AFNetworking/Reachability (2.6.0)
  - AFNetworking/Security (2.6.0)
  - AFNetworking/Serialization (2.6.0)
  - AFNetworking/UIKit (2.6.0):
    - AFNetworking/NSURLConnection
    - AFNetworking/NSURLSession
  - DACircularProgress (2.3.1)
  - DCKeyValueObjectMapping (1.5)
  - DZNEmptyDataSet (1.7.1)
  - DZNSegmentedControl (1.3.2)
  - FIR.im (1.2.0)
  - FMDB (2.5):
    - FMDB/standard (= 2.5)
  - FMDB/common (2.5)
  - FMDB/SQLCipher (2.5):
    - FMDB/common
    - SQLCipher
  - FMDB/standard (2.5):
    - FMDB/common
  - FontAwesome+iOS (0.1.4)
  - HappyDNS (0.2.1)
  - JazzHands (2.0.3)
  - JSBadgeView (1.4.1)
  - Masonry (0.6.2)
  - MBProgressHUD (0.9.1)
  - MMDrawerController (0.5.7):
    - MMDrawerController/Core (= 0.5.7)
    - MMDrawerController/MMDrawerBarButtonItem (= 0.5.7)
    - MMDrawerController/MMDrawerVisualStates (= 0.5.7)
    - MMDrawerController/Subclass (= 0.5.7)
  - MMDrawerController/Core (0.5.7)
  - MMDrawerController/MMDrawerBarButtonItem (0.5.7):
    - MMDrawerController/Core
  - MMDrawerController/MMDrawerVisualStates (0.5.7):
    - MMDrawerController/Core
  - MMDrawerController/Subclass (0.5.7):
    - MMDrawerController/Core
  - MWPhotoBrowser (2.1.1):
    - DACircularProgress (~> 2.3)
    - MBProgressHUD (~> 0.9)
    - SDWebImage (!= 3.7.2, ~> 3.7)
  - NYXImagesKit (2.3)
  - pop (1.0.7)
  - PPiAwesomeButton (1.5.2):
    - FontAwesome+iOS
  - Qiniu (7.0.12):
    - AFNetworking (~> 2.0)
    - HappyDNS (~> 0.1)
  - Reachability (3.1.1)
  - ReactiveCocoa (2.2.4):
    - ReactiveCocoa/Core (= 2.2.4)
    - ReactiveCocoa/no-arc (= 2.2.4)
  - ReactiveCocoa/Core (2.2.4):
    - ReactiveCocoa/no-arc
  - ReactiveCocoa/no-arc (2.2.4)
  - RKNotificationHub (2.0.1)
  - RXCollections (1.0)
  - SDiPhoneVersion (1.1.2)
  - SDWebImage (3.7.3):
    - SDWebImage/Core (= 3.7.3)
  - SDWebImage/Core (3.7.3)
  - SQLCipher (3.1.0):
    - SQLCipher/standard (= 3.1.0)
  - SQLCipher/common (3.1.0)
  - SQLCipher/standard (3.1.0):
    - SQLCipher/common
  - SVProgressHUD (1.1.3)
  - TMCache (2.1.0)
  - VBFPopFlatButton (0.0.6):
    - pop
  - YTKKeyValueStore (0.1.2):
    - FMDB (~> 2.0)

DEPENDENCIES:
  - ActionSheetPicker-3.0
  - AFNetworking
  - DCKeyValueObjectMapping
  - DZNEmptyDataSet
  - DZNSegmentedControl
  - FIR.im (~> 1.2.0)
  - FMDB
  - FMDB/SQLCipher (~> 2.2)
  - FontAwesome+iOS
  - JazzHands
  - JSBadgeView
  - Masonry
  - MMDrawerController (~> 0.5.7)
  - MWPhotoBrowser
  - NYXImagesKit
  - pop (~> 1.0)
  - PPiAwesomeButton
  - Qiniu (~> 7.0)
  - Reachability (~> 3.1.1)
  - ReactiveCocoa (~> 2.2.3)
  - RKNotificationHub
  - RXCollections (~> 1.0)
  - SDiPhoneVersion (~> 1.1.1)
  - SDWebImage
  - SVProgressHUD
  - TMCache
  - VBFPopFlatButton
  - YTKKeyValueStore

SPEC CHECKSUMS:
  ActionSheetPicker-3.0: 28a795c376f9d76850cb56eaf7dd5cf9a9088223
  AFNetworking: 79f7eb1a0fcfa7beb409332b2ca49afe9ce53b05
  DACircularProgress: 4dd437c0fc3da5161cb289e07ac449493d41db71
  DCKeyValueObjectMapping: c2eb5a6529da100b2e49ef6a599663578051f077
  DZNEmptyDataSet: 2a398066c2bf5848f7f693fb50954b5064debd12
  DZNSegmentedControl: b78b19d0b11d521a2be56ecff8a8a25d09a289d4
  FIR.im: e5c7367a35adcd796f30f176f059356c330c0c2e
  FMDB: 96e8f1bcc1329e269330f99770ad4285d9003e52
  FontAwesome+iOS: 9070b682a9255ca0fdc34bcfb129ad0ba2b73b87
  HappyDNS: 8eb3c929ee6143eb56bfddfc9e6052ca9429699c
  JazzHands: 0f3c8578f33f45b2fe73975deed6a5f02f9c22d3
  JSBadgeView: 3861ddee41094284d9468e6d0af5107f703aaac5
  Masonry: 362e8a1cc0beada4a4c4832d5e863da2a51533be
  MBProgressHUD: c47f2c166c126cf2ce36498d80f33e754d4e93ad
  MMDrawerController: 7a4cf8e25596bf2434e03ce50d22a8608ddee6a1
  MWPhotoBrowser: ba0d0c09ffda3a7ea10093518738c502c1c7141c
  NYXImagesKit: 8163e3335a40eaa173ca5bbbf81fafb57d3947eb
  pop: 628ffc631644601567ee8bfaaaea493ebd7d0923
  PPiAwesomeButton: 16f7279582fd36f65186b24b83ef876217363eb5
  Qiniu: 1fb5191b3bc1edb65b2da3d905b8281e15bd1d5c
  Reachability: dd9aa4fb6667b9f787690a74f53cb7634ce99893
  ReactiveCocoa: 78d9d1057f6e2595a67285b5adb0c90d0fc2237c
  RKNotificationHub: d80905a948c79c11673345f807133a0bfd17e320
  RXCollections: ef46a1c3b1f25711117ece94c48d9beae9f143a6
  SDiPhoneVersion: c52245ccaab8142701e2e7fb8f0391ba3f255b76
  SDWebImage: 1d2b1a1efda1ade1b00b6f8498865f8ddedc8a84
  SQLCipher: c44fcca49c31483c2489cfb79aa7a69407f3794a
  SVProgressHUD: 748080e4f36e603f6c02aec292664239df5279c1
  TMCache: 95ebcc9b3c7e90fb5fd8fc3036cba3aa781c9bed
  VBFPopFlatButton: 782344da63f104c279a857d806e065117a7e1196
  YTKKeyValueStore: 4d002941540dd5108fa23009b71e0f2f937f7a0f

COCOAPODS: 0.36.0
